// !$*UTF8*$!
{
	archiveVersion = 1;
	classes = {
	};
	objectVersion = 77;
	objects = {

/* Begin PBXBuildFile section */
		723447442FA6137E00F376E7 /* FirebaseAnalytics in Frameworks */ = {isa = PBXBuildFile; productRef = 723447432FA6137E00F376E7 /* FirebaseAnalytics */; };
		723447462FA6137E00F376E7 /* FirebaseCrashlytics in Frameworks */ = {isa = PBXBuildFile; productRef = 723447452FA6137E00F376E7 /* FirebaseCrashlytics */; };
/* End PBXBuildFile section */

/* Begin PBXContainerItemProxy section */
		729D341A2E8C5EE200A723CD /* PBXContainerItemProxy */ = {
			isa = PBXContainerItemProxy;
			containerPortal = 729D34022E8C5EDE00A723CD /* Project object */;
			proxyType = 1;
			remoteGlobalIDString = 729D34092E8C5EDE00A723CD;
			remoteInfo = TaskLedger;
		};
		729D34242E8C5EE200A723CD /* PBXContainerItemProxy */ = {
			isa = PBXContainerItemProxy;
			containerPortal = 729D34022E8C5EDE00A723CD /* Project object */;
			proxyType = 1;
			remoteGlobalIDString = 729D34092E8C5EDE00A723CD;
			remoteInfo = TaskLedger;
		};
/* End PBXContainerItemProxy section */

/* Begin PBXFileReference section */
		729D340A2E8C5EDE00A723CD /* TaskLedger.app */ = {isa = PBXFileReference; explicitFileType = wrapper.application; includeInIndex = 0; path = TaskLedger.app; sourceTree = BUILT_PRODUCTS_DIR; };
		729D34192E8C5EE200A723CD /* TaskLedgerTests.xctest */ = {isa = PBXFileReference; explicitFileType = wrapper.cfbundle; includeInIndex = 0; path = TaskLedgerTests.xctest; sourceTree = BUILT_PRODUCTS_DIR; };
		729D34232E8C5EE200A723CD /* TaskLedgerUITests.xctest */ = {isa = PBXFileReference; explicitFileType = wrapper.cfbundle; includeInIndex = 0; path = TaskLedgerUITests.xctest; sourceTree = BUILT_PRODUCTS_DIR; };
/* End PBXFileReference section */

/* Begin PBXFileSystemSynchronizedRootGroup section */
		729D340C2E8C5EDE00A723CD /* TaskLedger */ = {
			isa = PBXFileSystemSynchronizedRootGroup;
			path = TaskLedger;
			sourceTree = "<group>";
		};
		729D341C2E8C5EE200A723CD /* TaskLedgerTests */ = {
			isa = PBXFileSystemSynchronizedRootGroup;
			path = TaskLedgerTests;
			sourceTree = "<group>";
		};
		729D34262E8C5EE200A723CD /* TaskLedgerUITests */ = {
			isa = PBXFileSystemSynchronizedRootGroup;
			path = TaskLedgerUITests;
			sourceTree = "<group>";
		};
/* End PBXFileSystemSynchronizedRootGroup section */

/* Begin PBXFrameworksBuildPhase section */
		729D34072E8C5EDE00A723CD /* Frameworks */ = {
			isa = PBXFrameworksBuildPhase;
			buildActionMask = 2147483647;
			files = (
				723447442FA6137E00F376E7 /* FirebaseAnalytics in Frameworks */,
				723447462FA6137E00F376E7 /* FirebaseCrashlytics in Frameworks */,
			);
			runOnlyForDeploymentPostprocessing = 0;
		};
		729D34162E8C5EE200A723CD /* Frameworks */ = {
			isa = PBXFrameworksBuildPhase;
			buildActionMask = 2147483647;
			files = (
			);
			runOnlyForDeploymentPostprocessing = 0;
		};
		729D34202E8C5EE200A723CD /* Frameworks */ = {
			isa = PBXFrameworksBuildPhase;
			buildActionMask = 2147483647;
			files = (
			);
			runOnlyForDeploymentPostprocessing = 0;
		};
/* End PBXFrameworksBuildPhase section */

/* Begin PBXGroup section */
		729D34012E8C5EDE00A723CD = {
			isa = PBXGroup;
			children = (
				729D340C2E8C5EDE00A723CD /* TaskLedger */,
				729D341C2E8C5EE200A723CD /* TaskLedgerTests */,
				729D34262E8C5EE200A723CD /* TaskLedgerUITests */,
				729D340B2E8C5EDE00A723CD /* Products */,
			);
			sourceTree = "<group>";
		};
		729D340B2E8C5EDE00A723CD /* Products */ = {
			isa = PBXGroup;
			children = (
				729D340A2E8C5EDE00A723CD /* TaskLedger.app */,
				729D34192E8C5EE200A723CD /* TaskLedgerTests.xctest */,
				729D34232E8C5EE200A723CD /* TaskLedgerUITests.xctest */,
			);
			name = Products;
			sourceTree = "<group>";
		};
/* End PBXGroup section */

/* Begin PBXNativeTarget section */
		729D34092E8C5EDE00A723CD /* TaskLedger */ = {
			isa = PBXNativeTarget;
			buildConfigurationList = 729D342D2E8C5EE200A723CD /* Build configuration list for PBXNativeTarget "TaskLedger" */;
			buildPhases = (
				729D34062E8C5EDE00A723CD /* Sources */,
				729D34072E8C5EDE00A723CD /* Frameworks */,
				729D34082E8C5EDE00A723CD /* Resources */,
				72B8FAAF2F2E5F2000645724 /* Increment Build Number */,
				723447472FA614DA00F376E7 /* ShellScript */,
			);
			buildRules = (
			);
			dependencies = (
			);
			fileSystemSynchronizedGroups = (
				729D340C2E8C5EDE00A723CD /* TaskLedger */,
			);
			name = TaskLedger;
			packageProductDependencies = (
				723447432FA6137E00F376E7 /* FirebaseAnalytics */,
				723447452FA6137E00F376E7 /* FirebaseCrashlytics */,
			);
			productName = TaskLedger;
			productReference = 729D340A2E8C5EDE00A723CD /* TaskLedger.app */;
			productType = "com.apple.product-type.application";
		};
		729D34182E8C5EE200A723CD /* TaskLedgerTests */ = {
			isa = PBXNativeTarget;
			buildConfigurationList = 729D34302E8C5EE200A723CD /* Build configuration list for PBXNativeTarget "TaskLedgerTests" */;
			buildPhases = (
				729D34152E8C5EE200A723CD /* Sources */,
				729D34162E8C5EE200A723CD /* Frameworks */,
				729D34172E8C5EE200A723CD /* Resources */,
			);
			buildRules = (
			);
			dependencies = (
				729D341B2E8C5EE200A723CD /* PBXTargetDependency */,
			);
			fileSystemSynchronizedGroups = (
				729D341C2E8C5EE200A723CD /* TaskLedgerTests */,
			);
			name = TaskLedgerTests;
			packageProductDependencies = (
			);
			productName = TaskLedgerTests;
			productReference = 729D34192E8C5EE200A723CD /* TaskLedgerTests.xctest */;
			productType = "com.apple.product-type.bundle.unit-test";
		};
		729D34222E8C5EE200A723CD /* TaskLedgerUITests */ = {
			isa = PBXNativeTarget;
			buildConfigurationList = 729D34332E8C5EE200A723CD /* Build configuration list for PBXNativeTarget "TaskLedgerUITests" */;
			buildPhases = (
				729D341F2E8C5EE200A723CD /* Sources */,
				729D34202E8C5EE200A723CD /* Frameworks */,
				729D34212E8C5EE200A723CD /* Resources */,
			);
			buildRules = (
			);
			dependencies = (
				729D34252E8C5EE200A723CD /* PBXTargetDependency */,
			);
			fileSystemSynchronizedGroups = (
				729D34262E8C5EE200A723CD /* TaskLedgerUITests */,
			);
			name = TaskLedgerUITests;
			packageProductDependencies = (
			);
			productName = TaskLedgerUITests;
			productReference = 729D34232E8C5EE200A723CD /* TaskLedgerUITests.xctest */;
			productType = "com.apple.product-type.bundle.ui-testing";
		};
/* End PBXNativeTarget section */

/* Begin PBXProject section */
		729D34022E8C5EDE00A723CD /* Project object */ = {
			isa = PBXProject;
			attributes = {
				BuildIndependentTargetsInParallel = 1;
				LastSwiftUpdateCheck = 1640;
				LastUpgradeCheck = 1640;
				TargetAttributes = {
					729D34092E8C5EDE00A723CD = {
						CreatedOnToolsVersion = 16.4;
					};
					729D34182E8C5EE200A723CD = {
						CreatedOnToolsVersion = 16.4;
						TestTargetID = 729D34092E8C5EDE00A723CD;
					};
					729D34222E8C5EE200A723CD = {
						CreatedOnToolsVersion = 16.4;
						TestTargetID = 729D34092E8C5EDE00A723CD;
					};
				};
			};
			buildConfigurationList = 729D34052E8C5EDE00A723CD /* Build configuration list for PBXProject "TaskLedger" */;
			developmentRegion = en;
			hasScannedForEncodings = 0;
			knownRegions = (
				en,
				Base,
				pl,
			);
			mainGroup = 729D34012E8C5EDE00A723CD;
			minimizedProjectReferenceProxies = 1;
			packageReferences = (
				723447422FA6137E00F376E7 /* XCRemoteSwiftPackageReference "firebase-ios-sdk" */,
			);
			preferredProjectObjectVersion = 77;
			productRefGroup = 729D340B2E8C5EDE00A723CD /* Products */;
			projectDirPath = "";
			projectRoot = "";
			targets = (
				729D34092E8C5EDE00A723CD /* TaskLedger */,
				729D34182E8C5EE200A723CD /* TaskLedgerTests */,
				729D34222E8C5EE200A723CD /* TaskLedgerUITests */,
			);
		};
/* End PBXProject section */

/* Begin PBXResourcesBuildPhase section */
		729D34082E8C5EDE00A723CD /* Resources */ = {
			isa = PBXResourcesBuildPhase;
			buildActionMask = 2147483647;
			files = (
			);
			runOnlyForDeploymentPostprocessing = 0;
		};
		729D34172E8C5EE200A723CD /* Resources */ = {
			isa = PBXResourcesBuildPhase;
			buildActionMask = 2147483647;
			files = (
			);
			runOnlyForDeploymentPostprocessing = 0;
		};
		729D34212E8C5EE200A723CD /* Resources */ = {
			isa = PBXResourcesBuildPhase;
			buildActionMask = 2147483647;
			files = (
			);
			runOnlyForDeploymentPostprocessing = 0;
		};
/* End PBXResourcesBuildPhase section */

/* Begin PBXShellScriptBuildPhase section */
		723447472FA614DA00F376E7 /* ShellScript */ = {
			isa = PBXShellScriptBuildPhase;
			buildActionMask = 2147483647;
			files = (
			);
			inputFileListPaths = (
			);
			inputPaths = (
				"$(SRCROOT)/$(BUILT_PRODUCTS_DIR)/$(INFOPLIST_PATH)",
				"$(SRCROOT)/GoogleService-Info.plist",
			);
			outputFileListPaths = (
			);
			outputPaths = (
			);
			runOnlyForDeploymentPostprocessing = 0;
			shellPath = /bin/sh;
			shellScript = "\"${BUILD_DIR%Build/*}/SourcePackages/checkouts/firebase-ios-sdk/Crashlytics/run\"\n";
		};
		72B8FAAF2F2E5F2000645724 /* Increment Build Number */ = {
			isa = PBXShellScriptBuildPhase;
			buildActionMask = 2147483647;
			files = (
			);
			inputFileListPaths = (
			);
			inputPaths = (
			);
			name = "Increment Build Number";
			outputFileListPaths = (
			);
			outputPaths = (
			);
			runOnlyForDeploymentPostprocessing = 0;
			shellPath = /bin/sh;
			shellScript = "#!/bin/bash\nset -euo pipefail\n\napp_info_plist=\"${TARGET_BUILD_DIR}/${INFOPLIST_PATH}\"\n\nif [ ! -f \"$app_info_plist\" ]; then\n    echo \"ERROR: Built Info.plist not found at ${app_info_plist}\"\n    exit 1\nfi\n\ndate_stamp=\"$(date '+%d%m%Y')\"\nrandom_suffix=\"$(printf '%03d' \"$((RANDOM % 1000))\")\"\nbuild_number=\"${date_stamp}${random_suffix}\"\n\nif ! /usr/libexec/PlistBuddy -c \"Set :CFBundleVersion ${build_number}\" \"$app_info_plist\"; then\n    /usr/libexec/PlistBuddy -c \"Add :CFBundleVersion string ${build_number}\" \"$app_info_plist\"\nfi\n\necho \"Build number updated to ${build_number}\"\n";
		};
/* End PBXShellScriptBuildPhase section */

/* Begin PBXSourcesBuildPhase section */
		729D34062E8C5EDE00A723CD /* Sources */ = {
			isa = PBXSourcesBuildPhase;
			buildActionMask = 2147483647;
			files = (
			);
			runOnlyForDeploymentPostprocessing = 0;
		};
		729D34152E8C5EE200A723CD /* Sources */ = {
			isa = PBXSourcesBuildPhase;
			buildActionMask = 2147483647;
			files = (
			);
			runOnlyForDeploymentPostprocessing = 0;
		};
		729D341F2E8C5EE200A723CD /* Sources */ = {
			isa = PBXSourcesBuildPhase;
			buildActionMask = 2147483647;
			files = (
			);
			runOnlyForDeploymentPostprocessing = 0;
		};
/* End PBXSourcesBuildPhase section */

/* Begin PBXTargetDependency section */
		729D341B2E8C5EE200A723CD /* PBXTargetDependency */ = {
			isa = PBXTargetDependency;
			target = 729D34092E8C5EDE00A723CD /* TaskLedger */;
			targetProxy = 729D341A2E8C5EE200A723CD /* PBXContainerItemProxy */;
		};
		729D34252E8C5EE200A723CD /* PBXTargetDependency */ = {
			isa = PBXTargetDependency;
			target = 729D34092E8C5EDE00A723CD /* TaskLedger */;
			targetProxy = 729D34242E8C5EE200A723CD /* PBXContainerItemProxy */;
		};
/* End PBXTargetDependency section */

/* Begin XCBuildConfiguration section */
		729D342B2E8C5EE200A723CD /* Debug */ = {
			isa = XCBuildConfiguration;
			buildSettings = {
				ALWAYS_SEARCH_USER_PATHS = NO;
				ASSETCATALOG_COMPILER_GENERATE_SWIFT_ASSET_SYMBOL_EXTENSIONS = YES;
				CLANG_ANALYZER_NONNULL = YES;
				CLANG_ANALYZER_NUMBER_OBJECT_CONVERSION = YES_AGGRESSIVE;
				CLANG_CXX_LANGUAGE_STANDARD = "gnu++20";
				CLANG_ENABLE_MODULES = YES;
				CLANG_ENABLE_OBJC_ARC = YES;
				CLANG_ENABLE_OBJC_WEAK = YES;
				CLANG_WARN_BLOCK_CAPTURE_AUTORELEASING = YES;
				CLANG_WARN_BOOL_CONVERSION = YES;
				CLANG_WARN_COMMA = YES;
				CLANG_WARN_CONSTANT_CONVERSION = YES;
				CLANG_WARN_DEPRECATED_OBJC_IMPLEMENTATIONS = YES;
				CLANG_WARN_DIRECT_OBJC_ISA_USAGE = YES_ERROR;
				CLANG_WARN_DOCUMENTATION_COMMENTS = YES;
				CLANG_WARN_EMPTY_BODY = YES;
				CLANG_WARN_ENUM_CONVERSION = YES;
				CLANG_WARN_INFINITE_RECURSION = YES;
				CLANG_WARN_INT_CONVERSION = YES;
				CLANG_WARN_NON_LITERAL_NULL_CONVERSION = YES;
				CLANG_WARN_OBJC_IMPLICIT_RETAIN_SELF = YES;
				CLANG_WARN_OBJC_LITERAL_CONVERSION = YES;
				CLANG_WARN_OBJC_ROOT_CLASS = YES_ERROR;
				CLANG_WARN_QUOTED_INCLUDE_IN_FRAMEWORK_HEADER = YES;
				CLANG_WARN_RANGE_LOOP_ANALYSIS = YES;
				CLANG_WARN_STRICT_PROTOTYPES = YES;
				CLANG_WARN_SUSPICIOUS_MOVE = YES;
				CLANG_WARN_UNGUARDED_AVAILABILITY = YES_AGGRESSIVE;
				CLANG_WARN_UNREACHABLE_CODE = YES;
				CLANG_WARN__DUPLICATE_METHOD_MATCH = YES;
				COPY_PHASE_STRIP = NO;
				DEBUG_INFORMATION_FORMAT = dwarf;
				DEVELOPMENT_TEAM = EUR9M2AGH3;
				ENABLE_STRICT_OBJC_MSGSEND = YES;
				ENABLE_TESTABILITY = YES;
				ENABLE_USER_SCRIPT_SANDBOXING = YES;
				GCC_C_LANGUAGE_STANDARD = gnu17;
				GCC_DYNAMIC_NO_PIC = NO;
				GCC_NO_COMMON_BLOCKS = YES;
				GCC_OPTIMIZATION_LEVEL = 0;
				GCC_PREPROCESSOR_DEFINITIONS = (
					"DEBUG=1",
					"$(inherited)",
				);
				GCC_WARN_64_TO_32_BIT_CONVERSION = YES;
				GCC_WARN_ABOUT_RETURN_TYPE = YES_ERROR;
				GCC_WARN_UNDECLARED_SELECTOR = YES;
				GCC_WARN_UNINITIALIZED_AUTOS = YES_AGGRESSIVE;
				GCC_WARN_UNUSED_FUNCTION = YES;
				GCC_WARN_UNUSED_VARIABLE = YES;
				IPHONEOS_DEPLOYMENT_TARGET = 18.5;
				LOCALIZATION_PREFERS_STRING_CATALOGS = YES;
				MTL_ENABLE_DEBUG_INFO = INCLUDE_SOURCE;
				MTL_FAST_MATH = YES;
				ONLY_ACTIVE_ARCH = YES;
				SDKROOT = iphoneos;
				SWIFT_ACTIVE_COMPILATION_CONDITIONS = "DEBUG $(inherited)";
				SWIFT_OPTIMIZATION_LEVEL = "-Onone";
			};
			name = Debug;
		};
		729D342C2E8C5EE200A723CD /* Release */ = {
			isa = XCBuildConfiguration;
			buildSettings = {
				ALWAYS_SEARCH_USER_PATHS = NO;
				ASSETCATALOG_COMPILER_GENERATE_SWIFT_ASSET_SYMBOL_EXTENSIONS = YES;
				CLANG_ANALYZER_NONNULL = YES;
				CLANG_ANALYZER_NUMBER_OBJECT_CONVERSION = YES_AGGRESSIVE;
				CLANG_CXX_LANGUAGE_STANDARD = "gnu++20";
				CLANG_ENABLE_MODULES = YES;
				CLANG_ENABLE_OBJC_ARC = YES;
				CLANG_ENABLE_OBJC_WEAK = YES;
				CLANG_WARN_BLOCK_CAPTURE_AUTORELEASING = YES;
				CLANG_WARN_BOOL_CONVERSION = YES;
				CLANG_WARN_COMMA = YES;
				CLANG_WARN_CONSTANT_CONVERSION = YES;
				CLANG_WARN_DEPRECATED_OBJC_IMPLEMENTATIONS = YES;
				CLANG_WARN_DIRECT_OBJC_ISA_USAGE = YES_ERROR;
				CLANG_WARN_DOCUMENTATION_COMMENTS = YES;
				CLANG_WARN_EMPTY_BODY = YES;
				CLANG_WARN_ENUM_CONVERSION = YES;
				CLANG_WARN_INFINITE_RECURSION = YES;
				CLANG_WARN_INT_CONVERSION = YES;
				CLANG_WARN_NON_LITERAL_NULL_CONVERSION = YES;
				CLANG_WARN_OBJC_IMPLICIT_RETAIN_SELF = YES;
				CLANG_WARN_OBJC_LITERAL_CONVERSION = YES;
				CLANG_WARN_OBJC_ROOT_CLASS = YES_ERROR;
				CLANG_WARN_QUOTED_INCLUDE_IN_FRAMEWORK_HEADER = YES;
				CLANG_WARN_RANGE_LOOP_ANALYSIS = YES;
				CLANG_WARN_STRICT_PROTOTYPES = YES;
				CLANG_WARN_SUSPICIOUS_MOVE = YES;
				CLANG_WARN_UNGUARDED_AVAILABILITY = YES_AGGRESSIVE;
				CLANG_WARN_UNREACHABLE_CODE = YES;
				CLANG_WARN__DUPLICATE_METHOD_MATCH = YES;
				COPY_PHASE_STRIP = NO;
				DEBUG_INFORMATION_FORMAT = "dwarf-with-dsym";
				DEVELOPMENT_TEAM = EUR9M2AGH3;
				ENABLE_NS_ASSERTIONS = NO;
				ENABLE_STRICT_OBJC_MSGSEND = YES;
				ENABLE_USER_SCRIPT_SANDBOXING = YES;
				GCC_C_LANGUAGE_STANDARD = gnu17;
				GCC_NO_COMMON_BLOCKS = YES;
				GCC_WARN_64_TO_32_BIT_CONVERSION = YES;
				GCC_WARN_ABOUT_RETURN_TYPE = YES_ERROR;
				GCC_WARN_UNDECLARED_SELECTOR = YES;
				GCC_WARN_UNINITIALIZED_AUTOS = YES_AGGRESSIVE;
				GCC_WARN_UNUSED_FUNCTION = YES;
				GCC_WARN_UNUSED_VARIABLE = YES;
				IPHONEOS_DEPLOYMENT_TARGET = 18.5;
				LOCALIZATION_PREFERS_STRING_CATALOGS = YES;
				MTL_ENABLE_DEBUG_INFO = NO;
				MTL_FAST_MATH = YES;
				SDKROOT = iphoneos;
				SWIFT_COMPILATION_MODE = wholemodule;
				VALIDATE_PRODUCT = YES;
			};
			name = Release;
		};
		729D342E2E8C5EE200A723CD /* Debug */ = {
			isa = XCBuildConfiguration;
			buildSettings = {
				ASSETCATALOG_COMPILER_APPICON_NAME = AppIcon;
				ASSETCATALOG_COMPILER_GLOBAL_ACCENT_COLOR_NAME = AccentColor;
				CODE_SIGN_ENTITLEMENTS = TaskLedger/TaskLedger.entitlements;
				CODE_SIGN_IDENTITY = "Apple Development";
				CODE_SIGN_STYLE = Automatic;
				CURRENT_PROJECT_VERSION = 1.6;
				DEBUG_INFORMATION_FORMAT = "dwarf-with-dsym";
				DEVELOPMENT_TEAM = EUR9M2AGH3;
				ENABLE_PREVIEWS = YES;
				ENABLE_USER_SCRIPT_SANDBOXING = NO;
				GENERATE_INFOPLIST_FILE = YES;
				INFOPLIST_KEY_LSApplicationCategoryType = "public.app-category.lifestyle";
				INFOPLIST_KEY_UIApplicationSceneManifest_Generation = YES;
				INFOPLIST_KEY_UIApplicationSupportsIndirectInputEvents = YES;
				INFOPLIST_KEY_UIBackgroundModes = "remote-notification";
				INFOPLIST_KEY_UILaunchScreen_Generation = YES;
				INFOPLIST_KEY_UISupportedInterfaceOrientations_iPad = "UIInterfaceOrientationPortrait UIInterfaceOrientationPortraitUpsideDown UIInterfaceOrientationLandscapeLeft UIInterfaceOrientationLandscapeRight";
				INFOPLIST_KEY_UISupportedInterfaceOrientations_iPhone = "UIInterfaceOrientationPortrait UIInterfaceOrientationLandscapeLeft UIInterfaceOrientationLandscapeRight";
				LD_RUNPATH_SEARCH_PATHS = (
					"$(inherited)",
					"@executable_path/Frameworks",
				);
				MARKETING_VERSION = 1.7.1;
				PRODUCT_BUNDLE_IDENTIFIER = com.pawelkowalczuk.TaskLedger;
				PRODUCT_NAME = "$(TARGET_NAME)";
				PROVISIONING_PROFILE_SPECIFIER = "";
				SUPPORTED_PLATFORMS = "iphoneos iphonesimulator";
				SUPPORTS_MACCATALYST = NO;
				SUPPORTS_MAC_DESIGNED_FOR_IPHONE_IPAD = NO;
				SUPPORTS_XR_DESIGNED_FOR_IPHONE_IPAD = NO;
				SWIFT_EMIT_LOC_STRINGS = YES;
				SWIFT_VERSION = 5.0;
				TARGETED_DEVICE_FAMILY = 1;
			};
			name = Debug;
		};
		729D342F2E8C5EE200A723CD /* Release */ = {
			isa = XCBuildConfiguration;
			buildSettings = {
				ASSETCATALOG_COMPILER_APPICON_NAME = AppIcon;
				ASSETCATALOG_COMPILER_GLOBAL_ACCENT_COLOR_NAME = AccentColor;
				CODE_SIGN_ENTITLEMENTS = TaskLedger/TaskLedger.entitlements;
				CODE_SIGN_IDENTITY = "Apple Development";
				CODE_SIGN_STYLE = Automatic;
				CURRENT_PROJECT_VERSION = 1.6;
				DEVELOPMENT_TEAM = EUR9M2AGH3;
				ENABLE_PREVIEWS = YES;
				ENABLE_USER_SCRIPT_SANDBOXING = NO;
				GENERATE_INFOPLIST_FILE = YES;
				INFOPLIST_KEY_LSApplicationCategoryType = "public.app-category.lifestyle";
				INFOPLIST_KEY_UIApplicationSceneManifest_Generation = YES;
				INFOPLIST_KEY_UIApplicationSupportsIndirectInputEvents = YES;
				INFOPLIST_KEY_UIBackgroundModes = "remote-notification";
				INFOPLIST_KEY_UILaunchScreen_Generation = YES;
				INFOPLIST_KEY_UISupportedInterfaceOrientations_iPad = "UIInterfaceOrientationPortrait UIInterfaceOrientationPortraitUpsideDown UIInterfaceOrientationLandscapeLeft UIInterfaceOrientationLandscapeRight";
				INFOPLIST_KEY_UISupportedInterfaceOrientations_iPhone = "UIInterfaceOrientationPortrait UIInterfaceOrientationLandscapeLeft UIInterfaceOrientationLandscapeRight";
				LD_RUNPATH_SEARCH_PATHS = (
					"$(inherited)",
					"@executable_path/Frameworks",
				);
				MARKETING_VERSION = 1.7.1;
				PRODUCT_BUNDLE_IDENTIFIER = com.pawelkowalczuk.TaskLedger;
				PRODUCT_NAME = "$(TARGET_NAME)";
				PROVISIONING_PROFILE_SPECIFIER = "";
				SUPPORTED_PLATFORMS = "iphoneos iphonesimulator";
				SUPPORTS_MACCATALYST = NO;
				SUPPORTS_MAC_DESIGNED_FOR_IPHONE_IPAD = NO;
				SUPPORTS_XR_DESIGNED_FOR_IPHONE_IPAD = NO;
				SWIFT_EMIT_LOC_STRINGS = YES;
				SWIFT_VERSION = 5.0;
				TARGETED_DEVICE_FAMILY = 1;
			};
			name = Release;
		};
		729D34312E8C5EE200A723CD /* Debug */ = {
			isa = XCBuildConfiguration;
			buildSettings = {
				BUNDLE_LOADER = "$(TEST_HOST)";
				CODE_SIGN_STYLE = Automatic;
				CURRENT_PROJECT_VERSION = 1;
				DEVELOPMENT_TEAM = EUR9M2AGH3;
				GENERATE_INFOPLIST_FILE = YES;
				IPHONEOS_DEPLOYMENT_TARGET = 18.5;
				MARKETING_VERSION = 1.0;
				PRODUCT_BUNDLE_IDENTIFIER = com.pawelkowalczuk.TaskLedgerTests;
				PRODUCT_NAME = "$(TARGET_NAME)";
				SWIFT_EMIT_LOC_STRINGS = NO;
				SWIFT_VERSION = 5.0;
				TARGETED_DEVICE_FAMILY = "1,2";
				TEST_HOST = "$(BUILT_PRODUCTS_DIR)/TaskLedger.app/$(BUNDLE_EXECUTABLE_FOLDER_PATH)/TaskLedger";
			};
			name = Debug;
		};
		729D34322E8C5EE200A723CD /* Release */ = {
			isa = XCBuildConfiguration;
			buildSettings = {
				BUNDLE_LOADER = "$(TEST_HOST)";
				CODE_SIGN_STYLE = Automatic;
				CURRENT_PROJECT_VERSION = 1;
				DEVELOPMENT_TEAM = EUR9M2AGH3;
				GENERATE_INFOPLIST_FILE = YES;
				IPHONEOS_DEPLOYMENT_TARGET = 18.5;
				MARKETING_VERSION = 1.0;
				PRODUCT_BUNDLE_IDENTIFIER = com.pawelkowalczuk.TaskLedgerTests;
				PRODUCT_NAME = "$(TARGET_NAME)";
				SWIFT_EMIT_LOC_STRINGS = NO;
				SWIFT_VERSION = 5.0;
				TARGETED_DEVICE_FAMILY = "1,2";
				TEST_HOST = "$(BUILT_PRODUCTS_DIR)/TaskLedger.app/$(BUNDLE_EXECUTABLE_FOLDER_PATH)/TaskLedger";
			};
			name = Release;
		};
		729D34342E8C5EE200A723CD /* Debug */ = {
			isa = XCBuildConfiguration;
			buildSettings = {
				CODE_SIGN_STYLE = Automatic;
				CURRENT_PROJECT_VERSION = 1;
				DEVELOPMENT_TEAM = EUR9M2AGH3;
				GENERATE_INFOPLIST_FILE = YES;
				MARKETING_VERSION = 1.0;
				PRODUCT_BUNDLE_IDENTIFIER = com.pawelkowalczuk.TaskLedgerUITests;
				PRODUCT_NAME = "$(TARGET_NAME)";
				SWIFT_EMIT_LOC_STRINGS = NO;
				SWIFT_VERSION = 5.0;
				TARGETED_DEVICE_FAMILY = "1,2";
				TEST_TARGET_NAME = TaskLedger;
			};
			name = Debug;
		};
		729D34352E8C5EE200A723CD /* Release */ = {
			isa = XCBuildConfiguration;
			buildSettings = {
				CODE_SIGN_STYLE = Automatic;
				CURRENT_PROJECT_VERSION = 1;
				DEVELOPMENT_TEAM = EUR9M2AGH3;
				GENERATE_INFOPLIST_FILE = YES;
				MARKETING_VERSION = 1.0;
				PRODUCT_BUNDLE_IDENTIFIER = com.pawelkowalczuk.TaskLedgerUITests;
				PRODUCT_NAME = "$(TARGET_NAME)";
				SWIFT_EMIT_LOC_STRINGS = NO;
				SWIFT_VERSION = 5.0;
				TARGETED_DEVICE_FAMILY = "1,2";
				TEST_TARGET_NAME = TaskLedger;
			};
			name = Release;
		};
/* End XCBuildConfiguration section */

/* Begin XCConfigurationList section */
		729D34052E8C5EDE00A723CD /* Build configuration list for PBXProject "TaskLedger" */ = {
			isa = XCConfigurationList;
			buildConfigurations = (
				729D342B2E8C5EE200A723CD /* Debug */,
				729D342C2E8C5EE200A723CD /* Release */,
			);
			defaultConfigurationIsVisible = 0;
			defaultConfigurationName = Release;
		};
		729D342D2E8C5EE200A723CD /* Build configuration list for PBXNativeTarget "TaskLedger" */ = {
			isa = XCConfigurationList;
			buildConfigurations = (
				729D342E2E8C5EE200A723CD /* Debug */,
				729D342F2E8C5EE200A723CD /* Release */,
			);
			defaultConfigurationIsVisible = 0;
			defaultConfigurationName = Release;
		};
		729D34302E8C5EE200A723CD /* Build configuration list for PBXNativeTarget "TaskLedgerTests" */ = {
			isa = XCConfigurationList;
			buildConfigurations = (
				729D34312E8C5EE200A723CD /* Debug */,
				729D34322E8C5EE200A723CD /* Release */,
			);
			defaultConfigurationIsVisible = 0;
			defaultConfigurationName = Release;
		};
		729D34332E8C5EE200A723CD /* Build configuration list for PBXNativeTarget "TaskLedgerUITests" */ = {
			isa = XCConfigurationList;
			buildConfigurations = (
				729D34342E8C5EE200A723CD /* Debug */,
				729D34352E8C5EE200A723CD /* Release */,
			);
			defaultConfigurationIsVisible = 0;
			defaultConfigurationName = Release;
		};
/* End XCConfigurationList section */

/* Begin XCRemoteSwiftPackageReference section */
		723447422FA6137E00F376E7 /* XCRemoteSwiftPackageReference "firebase-ios-sdk" */ = {
			isa = XCRemoteSwiftPackageReference;
			repositoryURL = "https://github.com/firebase/firebase-ios-sdk";
			requirement = {
				kind = upToNextMajorVersion;
				minimumVersion = 12.12.1;
			};
		};
/* End XCRemoteSwiftPackageReference section */

/* Begin XCSwiftPackageProductDependency section */
		723447432FA6137E00F376E7 /* FirebaseAnalytics */ = {
			isa = XCSwiftPackageProductDependency;
			package = 723447422FA6137E00F376E7 /* XCRemoteSwiftPackageReference "firebase-ios-sdk" */;
			productName = FirebaseAnalytics;
		};
		723447452FA6137E00F376E7 /* FirebaseCrashlytics */ = {
			isa = XCSwiftPackageProductDependency;
			package = 723447422FA6137E00F376E7 /* XCRemoteSwiftPackageReference "firebase-ios-sdk" */;
			productName = FirebaseCrashlytics;
		};
/* End XCSwiftPackageProductDependency section */
	};
	rootObject = 729D34022E8C5EDE00A723CD /* Project object */;
}
